
Microsoft Visual Studio Solution File, Format Version 12.00
# Visual Studio 2013
VisualStudioVersion = 12.0.30110.0
MinimumVisualStudioVersion = 10.0.40219.1
Project("{FAE04EC0-301F-11D3-BF4B-00C04F79EFBC}") = "AutoFixtureTalk", "AutoFixtureTalk\AutoFixtureTalk.csproj", "{B426D616-29A9-4795-8CC0-FA9504C7250A}"
EndProject
Project("{FAE04EC0-301F-11D3-BF4B-00C04F79EFBC}") = "ServiceUnderTest", "ServiceUnderTest\ServiceUnderTest.csproj", "{BF11B76E-5F37-404D-A6A8-B0F18F6C88B1}"
EndProject
Global
	GlobalSection(SolutionConfigurationPlatforms) = preSolution
		Debug|Any CPU = Debug|Any CPU
		Release|Any CPU = Release|Any CPU
	EndGlobalSection
	GlobalSection(ProjectConfigurationPlatforms) = postSolution
		{B426D616-29A9-4795-8CC0-FA9504C7250A}.Debug|Any CPU.ActiveCfg = Debug|Any CPU
		{B426D616-29A9-4795-8CC0-FA9504C7250A}.Debug|Any CPU.Build.0 = Debug|Any CPU
		{B426D616-29A9-4795-8CC0-FA9504C7250A}.Release|Any CPU.ActiveCfg = Release|Any CPU
		{B426D616-29A9-4795-8CC0-FA9504C7250A}.Release|Any CPU.Build.0 = Release|Any CPU
		{BF11B76E-5F37-404D-A6A8-B0F18F6C88B1}.Debug|Any CPU.ActiveCfg = Debug|Any CPU
		{BF11B76E-5F37-404D-A6A8-B0F18F6C88B1}.Debug|Any CPU.Build.0 = Debug|Any CPU
		{BF11B76E-5F37-404D-A6A8-B0F18F6C88B1}.Release|Any CPU.ActiveCfg = Release|Any CPU
		{BF11B76E-5F37-404D-A6A8-B0F18F6C88B1}.Release|Any CPU.Build.0 = Release|Any CPU
	EndGlobalSection
	GlobalSection(SolutionProperties) = preSolution
		HideSolutionNode = FALSE
	EndGlobalSection
EndGlobal
